
Microsoft Visual Studio Solution File, Format Version 12.00
# Visual Studio 14
VisualStudioVersion = 14.0.25420.1
MinimumVisualStudioVersion = 10.0.40219.1
Project("{FAE04EC0-301F-11D3-BF4B-00C04F79EFBC}") = "Dropbox.Model", "Dropbox.Model\Dropbox.Model.csproj", "{F68E382B-5772-4A7F-9034-6813C877E397}"
EndProject
Project("{FAE04EC0-301F-11D3-BF4B-00C04F79EFBC}") = "Dropbox.DataAccess", "Dropbox.DataAccess\Dropbox.DataAccess.csproj", "{4610A93B-4B54-465B-948F-3DB0FEBB839D}"
EndProject
Project("{FAE04EC0-301F-11D3-BF4B-00C04F79EFBC}") = "Dropbox.DataAccess.Sql", "Dropbox.DataAccess.Sql\Dropbox.DataAccess.Sql.csproj", "{F6ABE6D8-B622-4E3A-A244-78DF81E04163}"
EndProject
Project("{2150E333-8FDC-42A3-9474-1A3956D46DE8}") = "Tests", "Tests", "{67283111-7B9B-4826-8E94-19AE764C3546}"
EndProject
Project("{FAE04EC0-301F-11D3-BF4B-00C04F79EFBC}") = "Dropbox.DataAccess.Sql.Tests", "Dropbox.DataAccess.Sql.Tests\Dropbox.DataAccess.Sql.Tests.csproj", "{9E933DA7-4F5E-4F17-ACEA-053789257F02}"
EndProject
Project("{FAE04EC0-301F-11D3-BF4B-00C04F79EFBC}") = "Dropbox.WebApi", "Dropbox.WebApi\Dropbox.WebApi.csproj", "{145E47FF-5A88-40A1-8A4E-526AA512C9C9}"
EndProject
Project("{FAE04EC0-301F-11D3-BF4B-00C04F79EFBC}") = "Dropbox.Log", "Dropbox.Log\Dropbox.Log.csproj", "{1D5D6B37-19E9-4703-9BA1-4B0A29E71C84}"
EndProject
Project("{FAE04EC0-301F-11D3-BF4B-00C04F79EFBC}") = "Dropbox.WinForms", "Dropbox.WinForms\Dropbox.WinForms.csproj", "{E5249B2C-8375-4D74-BBD1-6AE4AE433805}"
EndProject
Global
	GlobalSection(SolutionConfigurationPlatforms) = preSolution
		Debug|Any CPU = Debug|Any CPU
		Release|Any CPU = Release|Any CPU
	EndGlobalSection
	GlobalSection(ProjectConfigurationPlatforms) = postSolution
		{F68E382B-5772-4A7F-9034-6813C877E397}.Debug|Any CPU.ActiveCfg = Debug|Any CPU
		{F68E382B-5772-4A7F-9034-6813C877E397}.Debug|Any CPU.Build.0 = Debug|Any CPU
		{F68E382B-5772-4A7F-9034-6813C877E397}.Release|Any CPU.ActiveCfg = Release|Any CPU
		{F68E382B-5772-4A7F-9034-6813C877E397}.Release|Any CPU.Build.0 = Release|Any CPU
		{4610A93B-4B54-465B-948F-3DB0FEBB839D}.Debug|Any CPU.ActiveCfg = Debug|Any CPU
		{4610A93B-4B54-465B-948F-3DB0FEBB839D}.Debug|Any CPU.Build.0 = Debug|Any CPU
		{4610A93B-4B54-465B-948F-3DB0FEBB839D}.Release|Any CPU.ActiveCfg = Release|Any CPU
		{4610A93B-4B54-465B-948F-3DB0FEBB839D}.Release|Any CPU.Build.0 = Release|Any CPU
		{F6ABE6D8-B622-4E3A-A244-78DF81E04163}.Debug|Any CPU.ActiveCfg = Debug|Any CPU
		{F6ABE6D8-B622-4E3A-A244-78DF81E04163}.Debug|Any CPU.Build.0 = Debug|Any CPU
		{F6ABE6D8-B622-4E3A-A244-78DF81E04163}.Release|Any CPU.ActiveCfg = Release|Any CPU
		{F6ABE6D8-B622-4E3A-A244-78DF81E04163}.Release|Any CPU.Build.0 = Release|Any CPU
		{9E933DA7-4F5E-4F17-ACEA-053789257F02}.Debug|Any CPU.ActiveCfg = Debug|Any CPU
		{9E933DA7-4F5E-4F17-ACEA-053789257F02}.Debug|Any CPU.Build.0 = Debug|Any CPU
		{9E933DA7-4F5E-4F17-ACEA-053789257F02}.Release|Any CPU.ActiveCfg = Release|Any CPU
		{9E933DA7-4F5E-4F17-ACEA-053789257F02}.Release|Any CPU.Build.0 = Release|Any CPU
		{145E47FF-5A88-40A1-8A4E-526AA512C9C9}.Debug|Any CPU.ActiveCfg = Debug|Any CPU
		{145E47FF-5A88-40A1-8A4E-526AA512C9C9}.Debug|Any CPU.Build.0 = Debug|Any CPU
		{145E47FF-5A88-40A1-8A4E-526AA512C9C9}.Release|Any CPU.ActiveCfg = Release|Any CPU
		{145E47FF-5A88-40A1-8A4E-526AA512C9C9}.Release|Any CPU.Build.0 = Release|Any CPU
		{1D5D6B37-19E9-4703-9BA1-4B0A29E71C84}.Debug|Any CPU.ActiveCfg = Debug|Any CPU
		{1D5D6B37-19E9-4703-9BA1-4B0A29E71C84}.Debug|Any CPU.Build.0 = Debug|Any CPU
		{1D5D6B37-19E9-4703-9BA1-4B0A29E71C84}.Release|Any CPU.ActiveCfg = Release|Any CPU
		{1D5D6B37-19E9-4703-9BA1-4B0A29E71C84}.Release|Any CPU.Build.0 = Release|Any CPU
		{E5249B2C-8375-4D74-BBD1-6AE4AE433805}.Debug|Any CPU.ActiveCfg = Debug|Any CPU
		{E5249B2C-8375-4D74-BBD1-6AE4AE433805}.Debug|Any CPU.Build.0 = Debug|Any CPU
		{E5249B2C-8375-4D74-BBD1-6AE4AE433805}.Release|Any CPU.ActiveCfg = Release|Any CPU
		{E5249B2C-8375-4D74-BBD1-6AE4AE433805}.Release|Any CPU.Build.0 = Release|Any CPU
	EndGlobalSection
	GlobalSection(SolutionProperties) = preSolution
		HideSolutionNode = FALSE
	EndGlobalSection
	GlobalSection(NestedProjects) = preSolution
		{9E933DA7-4F5E-4F17-ACEA-053789257F02} = {67283111-7B9B-4826-8E94-19AE764C3546}
	EndGlobalSection
EndGlobal
